{
  "name": "edu_july_ang",
  "lockfileVersion": 2,
  "requires": true,
  "packages": {
    "": {
      "dependencies": {
        "ngx-owl-carousel-o": "^14.0.1"
      }
    },
    "node_modules/@angular/common": {
      "version": "14.2.0",
      "resolved": "https://registry.npmjs.org/@angular/common/-/common-14.2.0.tgz",
      "integrity": "sha512-dXCGuM/Yh9B8OVVHHfPuXLYdu0olemKmuYLZXGoqyzeYU5OpQ6+qcHYTrlREkWpF9QY+pk2ewfM9Hke1UENEHA==",
      "peer": true,
      "dependencies": {
        "tslib": "^2.3.0"
      },
      "engines": {
        "node": "^14.15.0 || >=16.10.0"
      },
      "peerDependencies": {
        "@angular/core": "14.2.0",
        "rxjs": "^6.5.3 || ^7.4.0"
      }
    },
    "node_modules/@angular/core": {
      "version": "14.2.0",
      "resolved": "https://registry.npmjs.org/@angular/core/-/core-14.2.0.tgz",
      "integrity": "sha512-m00WZL+df90QjrNmA43W8oSP1hyePoEXgw36JcFLQ+2ISO1HvqoeuKXIccyIQKpCuQ9VLNv5ptlTio6pjmcCqg==",
      "peer": true,
      "dependencies": {
        "tslib": "^2.3.0"
      },
      "engines": {
        "node": "^14.15.0 || >=16.10.0"
      },
      "peerDependencies": {
        "rxjs": "^6.5.3 || ^7.4.0",
        "zone.js": "~0.11.4"
      }
    },
    "node_modules/ngx-owl-carousel-o": {
      "version": "14.0.1",
      "resolved": "https://registry.npmjs.org/ngx-owl-carousel-o/-/ngx-owl-carousel-o-14.0.1.tgz",
      "integrity": "sha512-U0UNhaXfGhWjcGDxmvgvpOpig/3Cs33sQjtH7iahEEjBXmwCccSwZkmLC3HPattFhfUyH8OGFzH9ZlcA0R0gFQ==",
      "dependencies": {
        "tslib": "^2.3.0"
      },
      "peerDependencies": {
        "@angular/common": " ^14.0.0-rc.0 || ^14.0.0",
        "@angular/core": "^14.0.0-rc.0 || ^14.0.0",
        "rxjs": "^6.0.1 || ^7.0.0"
      }
    },
    "node_modules/rxjs": {
      "version": "7.5.6",
      "resolved": "https://registry.npmjs.org/rxjs/-/rxjs-7.5.6.tgz",
      "integrity": "sha512-dnyv2/YsXhnm461G+R/Pe5bWP41Nm6LBXEYWI6eiFP4fiwx6WRI/CD0zbdVAudd9xwLEF2IDcKXLHit0FYjUzw==",
      "peer": true,
      "dependencies": {
        "tslib": "^2.1.0"
      }
    },
    "node_modules/tslib": {
      "version": "2.4.0",
      "resolved": "https://registry.npmjs.org/tslib/-/tslib-2.4.0.tgz",
      "integrity": "sha512-d6xOpEDfsi2CZVlPQzGeux8XMwLT9hssAsaPYExaQMuYskwb+x1x7J371tWlbBdWHroy99KnVB6qIkUbs5X3UQ=="
    },
    "node_modules/zone.js": {
      "version": "0.11.8",
      "resolved": "https://registry.npmjs.org/zone.js/-/zone.js-0.11.8.tgz",
      "integrity": "sha512-82bctBg2hKcEJ21humWIkXRlLBBmrc3nN7DFh5LGGhcyycO2S7FN8NmdvlcKaGFDNVL4/9kFLmwmInTavdJERA==",
      "peer": true,
      "dependencies": {
        "tslib": "^2.3.0"
      }
    }
  },
  "dependencies": {
    "@angular/common": {
      "version": "14.2.0",
      "resolved": "https://registry.npmjs.org/@angular/common/-/common-14.2.0.tgz",
      "integrity": "sha512-dXCGuM/Yh9B8OVVHHfPuXLYdu0olemKmuYLZXGoqyzeYU5OpQ6+qcHYTrlREkWpF9QY+pk2ewfM9Hke1UENEHA==",
      "peer": true,
      "requires": {
        "tslib": "^2.3.0"
      }
    },
    "@angular/core": {
      "version": "14.2.0",
      "resolved": "https://registry.npmjs.org/@angular/core/-/core-14.2.0.tgz",
      "integrity": "sha512-m00WZL+df90QjrNmA43W8oSP1hyePoEXgw36JcFLQ+2ISO1HvqoeuKXIccyIQKpCuQ9VLNv5ptlTio6pjmcCqg==",
      "peer": true,
      "requires": {
        "tslib": "^2.3.0"
      }
    },
    "ngx-owl-carousel-o": {
      "version": "14.0.1",
      "resolved": "https://registry.npmjs.org/ngx-owl-carousel-o/-/ngx-owl-carousel-o-14.0.1.tgz",
      "integrity": "sha512-U0UNhaXfGhWjcGDxmvgvpOpig/3Cs33sQjtH7iahEEjBXmwCccSwZkmLC3HPattFhfUyH8OGFzH9ZlcA0R0gFQ==",
      "requires": {
        "tslib": "^2.3.0"
      }
    },
    "rxjs": {
      "version": "7.5.6",
      "resolved": "https://registry.npmjs.org/rxjs/-/rxjs-7.5.6.tgz",
      "integrity": "sha512-dnyv2/YsXhnm461G+R/Pe5bWP41Nm6LBXEYWI6eiFP4fiwx6WRI/CD0zbdVAudd9xwLEF2IDcKXLHit0FYjUzw==",
      "peer": true,
      "requires": {
        "tslib": "^2.1.0"
      }
    },
    "tslib": {
      "version": "2.4.0",
      "resolved": "https://registry.npmjs.org/tslib/-/tslib-2.4.0.tgz",
      "integrity": "sha512-d6xOpEDfsi2CZVlPQzGeux8XMwLT9hssAsaPYExaQMuYskwb+x1x7J371tWlbBdWHroy99KnVB6qIkUbs5X3UQ=="
    },
    "zone.js": {
      "version": "0.11.8",
      "resolved": "https://registry.npmjs.org/zone.js/-/zone.js-0.11.8.tgz",
      "integrity": "sha512-82bctBg2hKcEJ21humWIkXRlLBBmrc3nN7DFh5LGGhcyycO2S7FN8NmdvlcKaGFDNVL4/9kFLmwmInTavdJERA==",
      "peer": true,
      "requires": {
        "tslib": "^2.3.0"
      }
    }
  }
}
